
Microsoft Visual Studio Solution File, Format Version 12.00
# Visual Studio Version 17
VisualStudioVersion = 17.13.35825.156 d17.13
MinimumVisualStudioVersion = 10.0.40219.1
Project("{FAE04EC0-301F-11D3-BF4B-00C04F79EFBC}") = "Automation", "Automation.csproj", "{097C720E-25D7-4323-8776-30AC867F3DA1}"
EndProject
Global
	GlobalSection(SolutionConfigurationPlatforms) = preSolution
		Debug|Any CPU = Debug|Any CPU
		Release|Any CPU = Release|Any CPU
	EndGlobalSection
	GlobalSection(ProjectConfigurationPlatforms) = postSolution
		{097C720E-25D7-4323-8776-30AC867F3DA1}.Debug|Any CPU.ActiveCfg = Debug|Any CPU
		{097C720E-25D7-4323-8776-30AC867F3DA1}.Debug|Any CPU.Build.0 = Debug|Any CPU
		{097C720E-25D7-4323-8776-30AC867F3DA1}.Release|Any CPU.ActiveCfg = Release|Any CPU
		{097C720E-25D7-4323-8776-30AC867F3DA1}.Release|Any CPU.Build.0 = Release|Any CPU
	EndGlobalSection
	GlobalSection(SolutionProperties) = preSolution
		HideSolutionNode = FALSE
	EndGlobalSection
	GlobalSection(ExtensibilityGlobals) = postSolution
		SolutionGuid = {A0E9289F-99E4-4ECC-AE03-79BC9052AE85}
	EndGlobalSection
EndGlobal
